
Microsoft Visual Studio Solution File, Format Version 12.00
# Visual Studio 2012
Project("{8BC9CEB8-8B4A-11D0-8D11-00A0C91BC942}") = "Test9-12", "Test9-12\Test9-12.vcxproj", "{DD89D771-6E12-4B74-BE7C-42E650E809FE}"
EndProject
Global
	GlobalSection(SolutionConfigurationPlatforms) = preSolution
		Debug|Win32 = Debug|Win32
		Release|Win32 = Release|Win32
	EndGlobalSection
	GlobalSection(ProjectConfigurationPlatforms) = postSolution
		{DD89D771-6E12-4B74-BE7C-42E650E809FE}.Debug|Win32.ActiveCfg = Debug|Win32
		{DD89D771-6E12-4B74-BE7C-42E650E809FE}.Debug|Win32.Build.0 = Debug|Win32
		{DD89D771-6E12-4B74-BE7C-42E650E809FE}.Release|Win32.ActiveCfg = Release|Win32
		{DD89D771-6E12-4B74-BE7C-42E650E809FE}.Release|Win32.Build.0 = Release|Win32
	EndGlobalSection
	GlobalSection(SolutionProperties) = preSolution
		HideSolutionNode = FALSE
	EndGlobalSection
EndGlobal
