
Microsoft Visual Studio Solution File, Format Version 12.00
# Visual Studio 2012
Project("{8BC9CEB8-8B4A-11D0-8D11-00A0C91BC942}") = "Test8-1", "Test8-1\Test8-1.vcxproj", "{7DF44565-A32F-4E4B-ACFB-996BE1AE5947}"
EndProject
Global
	GlobalSection(SolutionConfigurationPlatforms) = preSolution
		Debug|Win32 = Debug|Win32
		Release|Win32 = Release|Win32
	EndGlobalSection
	GlobalSection(ProjectConfigurationPlatforms) = postSolution
		{7DF44565-A32F-4E4B-ACFB-996BE1AE5947}.Debug|Win32.ActiveCfg = Debug|Win32
		{7DF44565-A32F-4E4B-ACFB-996BE1AE5947}.Debug|Win32.Build.0 = Debug|Win32
		{7DF44565-A32F-4E4B-ACFB-996BE1AE5947}.Release|Win32.ActiveCfg = Release|Win32
		{7DF44565-A32F-4E4B-ACFB-996BE1AE5947}.Release|Win32.Build.0 = Release|Win32
	EndGlobalSection
	GlobalSection(SolutionProperties) = preSolution
		HideSolutionNode = FALSE
	EndGlobalSection
EndGlobal
