
Microsoft Visual Studio Solution File, Format Version 12.00
# Visual Studio 2012
Project("{8BC9CEB8-8B4A-11D0-8D11-00A0C91BC942}") = "Test4-1", "Test4-1\Test4-1.vcxproj", "{FD24CDB1-140B-4607-A550-6EF46EA65B09}"
EndProject
Global
	GlobalSection(SolutionConfigurationPlatforms) = preSolution
		Debug|Win32 = Debug|Win32
		Release|Win32 = Release|Win32
	EndGlobalSection
	GlobalSection(ProjectConfigurationPlatforms) = postSolution
		{FD24CDB1-140B-4607-A550-6EF46EA65B09}.Debug|Win32.ActiveCfg = Debug|Win32
		{FD24CDB1-140B-4607-A550-6EF46EA65B09}.Debug|Win32.Build.0 = Debug|Win32
		{FD24CDB1-140B-4607-A550-6EF46EA65B09}.Release|Win32.ActiveCfg = Release|Win32
		{FD24CDB1-140B-4607-A550-6EF46EA65B09}.Release|Win32.Build.0 = Release|Win32
	EndGlobalSection
	GlobalSection(SolutionProperties) = preSolution
		HideSolutionNode = FALSE
	EndGlobalSection
EndGlobal
