
Microsoft Visual Studio Solution File, Format Version 12.00
# Visual Studio 2012
Project("{8BC9CEB8-8B4A-11D0-8D11-00A0C91BC942}") = "Hehe", "Hehe\Hehe.vcxproj", "{7B7402BF-30C3-428E-9088-5862BDD088A1}"
EndProject
Global
	GlobalSection(SolutionConfigurationPlatforms) = preSolution
		Debug|Win32 = Debug|Win32
		Release|Win32 = Release|Win32
	EndGlobalSection
	GlobalSection(ProjectConfigurationPlatforms) = postSolution
		{7B7402BF-30C3-428E-9088-5862BDD088A1}.Debug|Win32.ActiveCfg = Debug|Win32
		{7B7402BF-30C3-428E-9088-5862BDD088A1}.Debug|Win32.Build.0 = Debug|Win32
		{7B7402BF-30C3-428E-9088-5862BDD088A1}.Release|Win32.ActiveCfg = Release|Win32
		{7B7402BF-30C3-428E-9088-5862BDD088A1}.Release|Win32.Build.0 = Release|Win32
	EndGlobalSection
	GlobalSection(SolutionProperties) = preSolution
		HideSolutionNode = FALSE
	EndGlobalSection
EndGlobal
