
Microsoft Visual Studio Solution File, Format Version 12.00
# Visual Studio 2012
Project("{8BC9CEB8-8B4A-11D0-8D11-00A0C91BC942}") = "Test8-4", "Test8-4\Test8-4.vcxproj", "{B1737AD0-5282-432E-9B4A-9820E3B17F4B}"
EndProject
Global
	GlobalSection(SolutionConfigurationPlatforms) = preSolution
		Debug|Win32 = Debug|Win32
		Release|Win32 = Release|Win32
	EndGlobalSection
	GlobalSection(ProjectConfigurationPlatforms) = postSolution
		{B1737AD0-5282-432E-9B4A-9820E3B17F4B}.Debug|Win32.ActiveCfg = Debug|Win32
		{B1737AD0-5282-432E-9B4A-9820E3B17F4B}.Debug|Win32.Build.0 = Debug|Win32
		{B1737AD0-5282-432E-9B4A-9820E3B17F4B}.Release|Win32.ActiveCfg = Release|Win32
		{B1737AD0-5282-432E-9B4A-9820E3B17F4B}.Release|Win32.Build.0 = Release|Win32
	EndGlobalSection
	GlobalSection(SolutionProperties) = preSolution
		HideSolutionNode = FALSE
	EndGlobalSection
EndGlobal
